<?xml version="1.0" encoding="UTF-8" standalone="yes" ?>
<CodeBlocks_project_file>
	<FileVersion major="1" minor="6" />
	<Project>
		<Option title="Maze Solver" />
		<Option pch_mode="2" />
		<Option compiler="gcc" />
		<Build>
			<Target title="Debug">
				<Option output="bin/Debug/Maze Solver" prefix_auto="1" extension_auto="1" />
				<Option object_output="obj/Debug/" />
				<Option type="1" />
				<Option compiler="gcc" />
				<Compiler>
					<Add option="-g" />
				</Compiler>
			</Target>
			<Target title="Release">
				<Option output="bin/Release/Maze Solver" prefix_auto="1" extension_auto="1" />
				<Option object_output="obj/Release/" />
				<Option type="1" />
				<Option compiler="gcc" />
				<Compiler>
					<Add option="-O2" />
				</Compiler>
				<Linker>
					<Add option="-s" />
				</Linker>
			</Target>
		</Build>
		<Compiler>
			<Add option="-Wall" />
			<Add option="-fexceptions" />
		</Compiler>
		<Unit filename="graphics.h" />
		<Unit filename="headers/mat_gen.h" />
		<Unit filename="headers/memoryalloc.h" />
		<Unit filename="headers/menu.h" />
		<Unit filename="headers/player.h" />
		<Unit filename="headers/printing.h" />
		<Unit filename="headers/solver.h" />
		<Unit filename="main.cpp" />
		<Unit filename="sources/mat_gen.cpp" />
		<Unit filename="sources/memoryalloc.cpp" />
		<Unit filename="sources/menu.cpp" />
		<Unit filename="sources/player.cpp" />
		<Unit filename="sources/printing.cpp" />
		<Unit filename="sources/solver.cpp" />
		<Unit filename="try_names">
			<Option target="&lt;{~None~}&gt;" />
		</Unit>
		<Extensions>
			<code_completion />
			<envvars />
			<debugger />
		</Extensions>
	</Project>
</CodeBlocks_project_file>
